version = 1
revision = 3
requires-python = ">=3.12"

[[package]]
name = "01-basic"
version = "0.1.0"
source = { virtual = "." }
dependencies = [
    { name = "pony" },
    { name = "pymysql" },
]

[package.metadata]
requires-dist = [
    { name = "pony", specifier = ">=0.7.20" },
    { name = "pymysql", specifier = ">=1.2.0" },
]

[[package]]
name = "pony"
version = "0.7.20"
source = { registry = "https://pypi.org/simple" }
sdist = { url = "https://files.pythonhosted.org/packages/8b/0e/c76b175a7422816520552e2afc69303a171f434dc494354376d9d24ad2d5/pony-0.7.20.tar.gz", hash = "sha256:27a48dffd1d1005956ffa96873fb2de5eada639ca266c43db480cadabc860ccd", size = 278804, upload-time = "2026-08-09T12:42:20.233Z" }
wheels = [
    { url = "https://files.pythonhosted.org/packages/b6/81/edd1014ef987dae03a30ccde3d30e317130d19dfe5317650a35cfba0151f/pony-0.7.20-py3-none-any.whl", hash = "sha256:88eb65c940c6efebdc56d2181dc4e5c89650f993f0b27037bbfb3e07b60696ba", size = 319899, upload-time = "2026-08-09T12:42:18.761Z" },
]

[[package]]
name = "pymysql"
version = "1.2.0"
source = { registry = "https://pypi.org/simple" }
sdist = { url = "https://files.pythonhosted.org/packages/c9/bc/1c6a92f385940f727daeecf3bacaf186e03875dff57197801046c583bcf0/pymysql-1.2.0.tar.gz", hash = "sha256:6c7b17ca686988104d7426c27895b455cdeea3e9d3ceb1270f0c3704fead8c33", size = 49021, upload-time = "2026-05-19T08:26:22.302Z" }
wheels = [
    { url = "https://files.pythonhosted.org/packages/c4/bd/2534e130295c8cfd4f0a2e31623baab7502278f1e97bcfe61db75656a77f/pymysql-1.2.0-py3-none-any.whl", hash = "sha256:62169ce6d5510f08e140c5e7990ee884a9764024e4a9a27b2cc11f1099322ae0", size = 45716, upload-time = "2026-05-19T08:26:20.974Z" },
]
